
Microsoft Visual Studio Solution File, Format Version 12.00
# Visual Studio 2013
VisualStudioVersion = 12.0.40629.0
MinimumVisualStudioVersion = 10.0.40219.1
Project("{FAE04EC0-301F-11D3-BF4B-00C04F79EFBC}") = "UnitTestingDemoPart1", "UnitTestingDemoPart1\UnitTestingDemoPart1.csproj", "{140C2344-7CD5-44E9-B9D5-4834A3972428}"
EndProject
Project("{FAE04EC0-301F-11D3-BF4B-00C04F79EFBC}") = "UnitTestingDemoPart1.Tests", "UnitTestingDemoPart1.Tests\UnitTestingDemoPart1.Tests.csproj", "{A6B07B35-04E1-448C-8830-D222F9138B6A}"
EndProject
Global
	GlobalSection(SolutionConfigurationPlatforms) = preSolution
		Debug|Any CPU = Debug|Any CPU
		Release|Any CPU = Release|Any CPU
	EndGlobalSection
	GlobalSection(ProjectConfigurationPlatforms) = postSolution
		{140C2344-7CD5-44E9-B9D5-4834A3972428}.Debug|Any CPU.ActiveCfg = Debug|Any CPU
		{140C2344-7CD5-44E9-B9D5-4834A3972428}.Debug|Any CPU.Build.0 = Debug|Any CPU
		{140C2344-7CD5-44E9-B9D5-4834A3972428}.Release|Any CPU.ActiveCfg = Release|Any CPU
		{140C2344-7CD5-44E9-B9D5-4834A3972428}.Release|Any CPU.Build.0 = Release|Any CPU
		{A6B07B35-04E1-448C-8830-D222F9138B6A}.Debug|Any CPU.ActiveCfg = Debug|Any CPU
		{A6B07B35-04E1-448C-8830-D222F9138B6A}.Debug|Any CPU.Build.0 = Debug|Any CPU
		{A6B07B35-04E1-448C-8830-D222F9138B6A}.Release|Any CPU.ActiveCfg = Release|Any CPU
		{A6B07B35-04E1-448C-8830-D222F9138B6A}.Release|Any CPU.Build.0 = Release|Any CPU
	EndGlobalSection
	GlobalSection(SolutionProperties) = preSolution
		HideSolutionNode = FALSE
	EndGlobalSection
EndGlobal
